# THIS IS AN AUTOGENERATED FILE. DO NOT EDIT THIS FILE DIRECTLY.
# yarn lockfile v1


"@elambro/extract-css-media-queries@^1.0.0":
  version "1.0.0"
  resolved "https://registry.yarnpkg.com/@elambro/extract-css-media-queries/-/extract-css-media-queries-1.0.0.tgz#e7b78dd4b795e6e53dd8f8fe0ee618ed0d33627e"
  integrity sha512-0v8jpJXf1dvOUSpIV+/orfX+m/emSfYH5D3xbgP3xx+H4wYjwBk/dEGO6m2xlLQo4vbpMv/ufGlLfM9snPlKaQ==
  dependencies:
    clean-css "^5.1.2"
    css "^3.0.0"
    print-message "^3.0.1"

atob@^2.1.2:
  version "2.1.2"
  resolved "https://registry.yarnpkg.com/atob/-/atob-2.1.2.tgz#6d9517eb9e030d2436666651e86bd9f6f13533c9"
  integrity sha512-Wm6ukoaOGJi/73p/cl2GvLjTI5JM1k/O14isD73YML8StrH/7/lRFgmg8nICZgD3bZZvjwCGxtMOD3wWNAu8cg==

clean-css@^5.1.2:
  version "5.1.2"
  resolved "https://registry.yarnpkg.com/clean-css/-/clean-css-5.1.2.tgz#6ea0da7286b4ddc2469a1b776e2461a5007eed54"
  integrity sha512-QcaGg9OuMo+0Ds933yLOY+gHPWbxhxqF0HDexmToPf8pczvmvZGYzd+QqWp9/mkucAOKViI+dSFOqoZIvXbeBw==
  dependencies:
    source-map "~0.6.0"

css@^3.0.0:
  version "3.0.0"
  resolved "https://registry.yarnpkg.com/css/-/css-3.0.0.tgz#4447a4d58fdd03367c516ca9f64ae365cee4aa5d"
  integrity sha512-DG9pFfwOrzc+hawpmqX/dHYHJG+Bsdb0klhyi1sDneOgGOXy9wQIC8hzyVp1e4NRYDBdxcylvywPkkXCHAzTyQ==
  dependencies:
    inherits "^2.0.4"
    source-map "^0.6.1"
    source-map-resolve "^0.6.0"

decode-uri-component@^0.2.0:
  version "0.2.0"
  resolved "https://registry.yarnpkg.com/decode-uri-component/-/decode-uri-component-0.2.0.tgz#eb3913333458775cb84cd1a1fae062106bb87545"
  integrity sha1-6zkTMzRYd1y4TNGh+uBiEGu4dUU=

inherits@^2.0.4:
  version "2.0.4"
  resolved "https://registry.yarnpkg.com/inherits/-/inherits-2.0.4.tgz#0fa2c64f932917c3433a0ded55363aae37416b7c"
  integrity sha512-k/vGaX4/Yla3WzyMCvTQOXYeIHvqOKtnqBduzTHpzpQZzAskKMhZ2K+EnBiSM9zGSoIFeMpXKxa4dYeZIQqewQ==

kleur@3.0.3:
  version "3.0.3"
  resolved "https://registry.yarnpkg.com/kleur/-/kleur-3.0.3.tgz#a79c9ecc86ee1ce3fa6206d1216c501f147fc07e"
  integrity sha512-eTIzlVOSUR+JxdDFepEYcBMtZ9Qqdef+rnzWdRZuMbOywu5tO2w2N7rqjoANZ5k9vywhL6Br1VRjUIgTQx4E8w==

print-message@^3.0.1:
  version "3.0.1"
  resolved "https://registry.yarnpkg.com/print-message/-/print-message-3.0.1.tgz#f2331a13df235e275725ddd34eb61988868a73cd"
  integrity sha512-wsvsI08pLCPL+lHURVmlZ2KjXN/rLKNyeKN/r3FkXAX6ZByE8Fv8ZmvkQFqpdPdyfCPty3PzznrDda+E8DvN8Q==
  dependencies:
    kleur "3.0.3"

source-map-resolve@^0.6.0:
  version "0.6.0"
  resolved "https://registry.yarnpkg.com/source-map-resolve/-/source-map-resolve-0.6.0.tgz#3d9df87e236b53f16d01e58150fc7711138e5ed2"
  integrity sha512-KXBr9d/fO/bWo97NXsPIAW1bFSBOuCnjbNTBMO7N59hsv5i9yzRDfcYwwt0l04+VqnKC+EwzvJZIP/qkuMgR/w==
  dependencies:
    atob "^2.1.2"
    decode-uri-component "^0.2.0"

source-map@^0.6.1, source-map@~0.6.0:
  version "0.6.1"
  resolved "https://registry.yarnpkg.com/source-map/-/source-map-0.6.1.tgz#74722af32e9614e9c287a8d0bbde48b5e2f1a263"
  integrity sha512-UjgapumWlbMhkBgzT7Ykc5YXUT46F0iKu8SGXq0bcwP5dz/h0Plj6enJqjz1Zbq2l5WaqYnrVbwWOWMyF3F47g==
